
Microsoft Visual Studio Solution File, Format Version 12.00
# Visual Studio Version 17
VisualStudioVersion = 17.4.33213.308
MinimumVisualStudioVersion = 10.0.40219.1
Project("{FAE04EC0-301F-11D3-BF4B-00C04F79EFBC}") = "Restaurant", "Restaurant\Restaurant.csproj", "{A61DB893-C482-4A09-AD5C-FBE8D5B09F45}"
EndProject
Global
	GlobalSection(SolutionConfigurationPlatforms) = preSolution
		Debug|Any CPU = Debug|Any CPU
		Release|Any CPU = Release|Any CPU
	EndGlobalSection
	GlobalSection(ProjectConfigurationPlatforms) = postSolution
		{A61DB893-C482-4A09-AD5C-FBE8D5B09F45}.Debug|Any CPU.ActiveCfg = Debug|Any CPU
		{A61DB893-C482-4A09-AD5C-FBE8D5B09F45}.Debug|Any CPU.Build.0 = Debug|Any CPU
		{A61DB893-C482-4A09-AD5C-FBE8D5B09F45}.Release|Any CPU.ActiveCfg = Release|Any CPU
		{A61DB893-C482-4A09-AD5C-FBE8D5B09F45}.Release|Any CPU.Build.0 = Release|Any CPU
	EndGlobalSection
	GlobalSection(SolutionProperties) = preSolution
		HideSolutionNode = FALSE
	EndGlobalSection
	GlobalSection(ExtensibilityGlobals) = postSolution
		SolutionGuid = {F1647415-CAF7-4F8A-9B36-341894BED9FA}
	EndGlobalSection
EndGlobal
